// !$*UTF8*$!
{
	archiveVersion = 1;
	classes = {
	};
	objectVersion = 46;
	objects = {

/* Begin PBXBuildFile section */
		5E75B3BC42CEEBA2E1AF90F7 /* Pods_PartyDrinkTime.framework in Frameworks */ = {isa = PBXBuildFile; fileRef = 2E4D960B0FD0D647238EBC11 /* Pods_PartyDrinkTime.framework */; };
		BF0C1A761F93FAB9007A8A28 /* FuturePartyListTableViewController.swift in Sources */ = {isa = PBXBuildFile; fileRef = BF0C1A751F93FAB9007A8A28 /* FuturePartyListTableViewController.swift */; };
		BF0C1A781F93FBA4007A8A28 /* FuturePartyListTableViewCell.swift in Sources */ = {isa = PBXBuildFile; fileRef = BF0C1A771F93FBA4007A8A28 /* FuturePartyListTableViewCell.swift */; };
		BF142A841F957462000DE6D4 /* Party.storyboard in Resources */ = {isa = PBXBuildFile; fileRef = BF142A831F957462000DE6D4 /* Party.storyboard */; };
		BF142A861F957C14000DE6D4 /* StartPartyViewController.swift in Sources */ = {isa = PBXBuildFile; fileRef = BF142A851F957C14000DE6D4 /* StartPartyViewController.swift */; };
		BF142A881F9587C5000DE6D4 /* DrinkCountViewController.swift in Sources */ = {isa = PBXBuildFile; fileRef = BF142A871F9587C5000DE6D4 /* DrinkCountViewController.swift */; };
		BF1B98D41F8693FF000B53C4 /* AlertHelper.swift in Sources */ = {isa = PBXBuildFile; fileRef = BF1B98D31F8693FF000B53C4 /* AlertHelper.swift */; };
		BF1B98D81F8D18C3000B53C4 /* NameService.swift in Sources */ = {isa = PBXBuildFile; fileRef = BF1B98D71F8D18C3000B53C4 /* NameService.swift */; };
		BF2B8A981F6B91310065CEAD /* AppDelegate.swift in Sources */ = {isa = PBXBuildFile; fileRef = BF2B8A971F6B91310065CEAD /* AppDelegate.swift */; };
		BF2B8A9F1F6B91310065CEAD /* Assets.xcassets in Resources */ = {isa = PBXBuildFile; fileRef = BF2B8A9E1F6B91310065CEAD /* Assets.xcassets */; };
		BF2B8AB31F6B9CC00065CEAD /* LaunchScreen.storyboard in Resources */ = {isa = PBXBuildFile; fileRef = BF2B8AB11F6B9CC00065CEAD /* LaunchScreen.storyboard */; };
		BF2B8AB41F6B9CC00065CEAD /* Main.storyboard in Resources */ = {isa = PBXBuildFile; fileRef = BF2B8AB21F6B9CC00065CEAD /* Main.storyboard */; };
		BF2B8AB71F6B9CCD0065CEAD /* GoogleService-Info.plist in Resources */ = {isa = PBXBuildFile; fileRef = BF2B8AB51F6B9CCD0065CEAD /* GoogleService-Info.plist */; };
		BF2B8ABD1F6BAAC70065CEAD /* Login.storyboard in Resources */ = {isa = PBXBuildFile; fileRef = BF2B8ABC1F6BAAC70065CEAD /* Login.storyboard */; };
		BF2B8ABF1F6BAB2C0065CEAD /* LoginViewController.swift in Sources */ = {isa = PBXBuildFile; fileRef = BF2B8ABE1F6BAB2C0065CEAD /* LoginViewController.swift */; };
		BF45E4981F71E33D000D0BC0 /* CreateUsernameViewController.swift in Sources */ = {isa = PBXBuildFile; fileRef = BF45E4971F71E33D000D0BC0 /* CreateUsernameViewController.swift */; };
		BF45E49A1F71E7E2000D0BC0 /* UserService.swift in Sources */ = {isa = PBXBuildFile; fileRef = BF45E4991F71E7E2000D0BC0 /* UserService.swift */; };
		BF5E0A2D1F75588B00EEF84C /* MainTabBarController.swift in Sources */ = {isa = PBXBuildFile; fileRef = BF5E0A2C1F75588B00EEF84C /* MainTabBarController.swift */; };
		BF5E0A2F1F755DEF00EEF84C /* PartyImageCell.swift in Sources */ = {isa = PBXBuildFile; fileRef = BF5E0A2E1F755DEF00EEF84C /* PartyImageCell.swift */; };
		BF6005821F75714F0054AF62 /* ProfileHeaderView.swift in Sources */ = {isa = PBXBuildFile; fileRef = BF6005811F75714F0054AF62 /* ProfileHeaderView.swift */; };
		BF6005841F770F140054AF62 /* ProfileViewController.swift in Sources */ = {isa = PBXBuildFile; fileRef = BF6005831F770F140054AF62 /* ProfileViewController.swift */; };
		BF6005861F771B8B0054AF62 /* MGPhotoHelper.swift in Sources */ = {isa = PBXBuildFile; fileRef = BF6005851F771B8B0054AF62 /* MGPhotoHelper.swift */; };
		BF6005891F772A5A0054AF62 /* StorageService.swift in Sources */ = {isa = PBXBuildFile; fileRef = BF6005881F772A5A0054AF62 /* StorageService.swift */; };
		BF60058B1F772AEB0054AF62 /* PostService.swift in Sources */ = {isa = PBXBuildFile; fileRef = BF60058A1F772AEB0054AF62 /* PostService.swift */; };
		BF60058D1F772C370054AF62 /* ProfileImage.swift in Sources */ = {isa = PBXBuildFile; fileRef = BF60058C1F772C370054AF62 /* ProfileImage.swift */; };
		BF60058F1F772DCC0054AF62 /* ProfileImageService.swift in Sources */ = {isa = PBXBuildFile; fileRef = BF60058E1F772DCC0054AF62 /* ProfileImageService.swift */; };
		BF6005911F7732AE0054AF62 /* UIImage+Size.swift in Sources */ = {isa = PBXBuildFile; fileRef = BF6005901F7732AE0054AF62 /* UIImage+Size.swift */; };
		BF6005931F77333A0054AF62 /* StorageReference+ProfileImage.swift in Sources */ = {isa = PBXBuildFile; fileRef = BF6005921F77333A0054AF62 /* StorageReference+ProfileImage.swift */; };
		BF6A0A981F775C6A00E52A5F /* DatabaseReference+Location.swift in Sources */ = {isa = PBXBuildFile; fileRef = BF6A0A971F775C6A00E52A5F /* DatabaseReference+Location.swift */; };
		BF6A0A9C1F79562000E52A5F /* CreateUsericonController.swift in Sources */ = {isa = PBXBuildFile; fileRef = BF6A0A9B1F79562000E52A5F /* CreateUsericonController.swift */; };
		BF6AD0F61F9502A400CF5AA4 /* PartyPlanViewController.swift in Sources */ = {isa = PBXBuildFile; fileRef = BF6AD0F51F9502A400CF5AA4 /* PartyPlanViewController.swift */; };
		BF6AD0F81F9504AB00CF5AA4 /* List.swift in Sources */ = {isa = PBXBuildFile; fileRef = BF6AD0F71F9504AB00CF5AA4 /* List.swift */; };
		BFC9D2291F71AAB300F32781 /* User.swift in Sources */ = {isa = PBXBuildFile; fileRef = BFC9D2281F71AAB300F32781 /* User.swift */; };
		BFCAB49D1F721F9E00B27919 /* Constants.swift in Sources */ = {isa = PBXBuildFile; fileRef = BFCAB49C1F721F9E00B27919 /* Constants.swift */; };
		BFCAB4A21F723B0800B27919 /* Storyboard+Utility.swift in Sources */ = {isa = PBXBuildFile; fileRef = BFCAB4A11F723B0800B27919 /* Storyboard+Utility.swift */; };
		BFCAB4A61F72B0BF00B27919 /* MydataViewController.swift in Sources */ = {isa = PBXBuildFile; fileRef = BFCAB4A51F72B0BF00B27919 /* MydataViewController.swift */; };
		BFCAB4A81F72F09200B27919 /* Mydata.storyboard in Resources */ = {isa = PBXBuildFile; fileRef = BFCAB4A71F72F09200B27919 /* Mydata.storyboard */; };
		BFCAB4AA1F72FCD300B27919 /* PartyListTab.swift in Sources */ = {isa = PBXBuildFile; fileRef = BFCAB4A91F72FCD300B27919 /* PartyListTab.swift */; };
/* End PBXBuildFile section */

/* Begin PBXFileReference section */
		2E4D960B0FD0D647238EBC11 /* Pods_PartyDrinkTime.framework */ = {isa = PBXFileReference; explicitFileType = wrapper.framework; includeInIndex = 0; path = Pods_PartyDrinkTime.framework; sourceTree = BUILT_PRODUCTS_DIR; };
		806E2D5AA03C1EE8000A91F5 /* Pods-PartyDrinkTime.release.xcconfig */ = {isa = PBXFileReference; includeInIndex = 1; lastKnownFileType = text.xcconfig; name = "Pods-PartyDrinkTime.release.xcconfig"; path = "Pods/Target Support Files/Pods-PartyDrinkTime/Pods-PartyDrinkTime.release.xcconfig"; sourceTree = "<group>"; };
		BF0C1A751F93FAB9007A8A28 /* FuturePartyListTableViewController.swift */ = {isa = PBXFileReference; lastKnownFileType = sourcecode.swift; name = FuturePartyListTableViewController.swift; path = Controllers/FuturePartyListTableViewController.swift; sourceTree = "<group>"; };
		BF0C1A771F93FBA4007A8A28 /* FuturePartyListTableViewCell.swift */ = {isa = PBXFileReference; lastKnownFileType = sourcecode.swift; name = FuturePartyListTableViewCell.swift; path = Views/FuturePartyListTableViewCell.swift; sourceTree = "<group>"; };
		BF142A831F957462000DE6D4 /* Party.storyboard */ = {isa = PBXFileReference; fileEncoding = 4; lastKnownFileType = file.storyboard; path = Party.storyboard; sourceTree = "<group>"; };
		BF142A851F957C14000DE6D4 /* StartPartyViewController.swift */ = {isa = PBXFileReference; lastKnownFileType = sourcecode.swift; name = StartPartyViewController.swift; path = Controllers/StartPartyViewController.swift; sourceTree = "<group>"; };
		BF142A871F9587C5000DE6D4 /* DrinkCountViewController.swift */ = {isa = PBXFileReference; lastKnownFileType = sourcecode.swift; name = DrinkCountViewController.swift; path = Controllers/DrinkCountViewController.swift; sourceTree = "<group>"; };
		BF1B98D31F8693FF000B53C4 /* AlertHelper.swift */ = {isa = PBXFileReference; lastKnownFileType = sourcecode.swift; name = AlertHelper.swift; path = Helpers/AlertHelper.swift; sourceTree = "<group>"; };
		BF1B98D71F8D18C3000B53C4 /* NameService.swift */ = {isa = PBXFileReference; lastKnownFileType = sourcecode.swift; name = NameService.swift; path = Services/NameService.swift; sourceTree = "<group>"; };
		BF2B8A941F6B91310065CEAD /* PartyDrinkTime.app */ = {isa = PBXFileReference; explicitFileType = wrapper.application; includeInIndex = 0; path = PartyDrinkTime.app; sourceTree = BUILT_PRODUCTS_DIR; };
		BF2B8A971F6B91310065CEAD /* AppDelegate.swift */ = {isa = PBXFileReference; lastKnownFileType = sourcecode.swift; path = AppDelegate.swift; sourceTree = "<group>"; };
		BF2B8A9E1F6B91310065CEAD /* Assets.xcassets */ = {isa = PBXFileReference; lastKnownFileType = folder.assetcatalog; path = Assets.xcassets; sourceTree = "<group>"; };
		BF2B8AB11F6B9CC00065CEAD /* LaunchScreen.storyboard */ = {isa = PBXFileReference; fileEncoding = 4; lastKnownFileType = file.storyboard; name = LaunchScreen.storyboard; path = Storyboards/LaunchScreen.storyboard; sourceTree = "<group>"; };
		BF2B8AB21F6B9CC00065CEAD /* Main.storyboard */ = {isa = PBXFileReference; fileEncoding = 4; lastKnownFileType = file.storyboard; name = Main.storyboard; path = Storyboards/Main.storyboard; sourceTree = "<group>"; };
		BF2B8AB51F6B9CCD0065CEAD /* GoogleService-Info.plist */ = {isa = PBXFileReference; fileEncoding = 4; lastKnownFileType = text.plist.xml; name = "GoogleService-Info.plist"; path = "Supporting/GoogleService-Info.plist"; sourceTree = "<group>"; };
		BF2B8AB61F6B9CCD0065CEAD /* Info.plist */ = {isa = PBXFileReference; fileEncoding = 4; lastKnownFileType = text.plist.xml; name = Info.plist; path = Supporting/Info.plist; sourceTree = "<group>"; };
		BF2B8ABC1F6BAAC70065CEAD /* Login.storyboard */ = {isa = PBXFileReference; fileEncoding = 4; lastKnownFileType = file.storyboard; name = Login.storyboard; path = Storyboards/Login.storyboard; sourceTree = "<group>"; };
		BF2B8ABE1F6BAB2C0065CEAD /* LoginViewController.swift */ = {isa = PBXFileReference; fileEncoding = 4; lastKnownFileType = sourcecode.swift; name = LoginViewController.swift; path = Controllers/LoginViewController.swift; sourceTree = "<group>"; };
		BF45E4971F71E33D000D0BC0 /* CreateUsernameViewController.swift */ = {isa = PBXFileReference; fileEncoding = 4; lastKnownFileType = sourcecode.swift; path = CreateUsernameViewController.swift; sourceTree = "<group>"; };
		BF45E4991F71E7E2000D0BC0 /* UserService.swift */ = {isa = PBXFileReference; fileEncoding = 4; lastKnownFileType = sourcecode.swift; name = UserService.swift; path = Services/UserService.swift; sourceTree = "<group>"; };
		BF5E0A2C1F75588B00EEF84C /* MainTabBarController.swift */ = {isa = PBXFileReference; fileEncoding = 4; lastKnownFileType = sourcecode.swift; name = MainTabBarController.swift; path = Controllers/MainTabBarController.swift; sourceTree = "<group>"; };
		BF5E0A2E1F755DEF00EEF84C /* PartyImageCell.swift */ = {isa = PBXFileReference; fileEncoding = 4; lastKnownFileType = sourcecode.swift; name = PartyImageCell.swift; path = Views/PartyImageCell.swift; sourceTree = "<group>"; };
		BF6005811F75714F0054AF62 /* ProfileHeaderView.swift */ = {isa = PBXFileReference; fileEncoding = 4; lastKnownFileType = sourcecode.swift; name = ProfileHeaderView.swift; path = Views/ProfileHeaderView.swift; sourceTree = "<group>"; };
		BF6005831F770F140054AF62 /* ProfileViewController.swift */ = {isa = PBXFileReference; fileEncoding = 4; lastKnownFileType = sourcecode.swift; name = ProfileViewController.swift; path = Controllers/ProfileViewController.swift; sourceTree = "<group>"; };
		BF6005851F771B8B0054AF62 /* MGPhotoHelper.swift */ = {isa = PBXFileReference; fileEncoding = 4; lastKnownFileType = sourcecode.swift; name = MGPhotoHelper.swift; path = Helpers/MGPhotoHelper.swift; sourceTree = "<group>"; };
		BF6005881F772A5A0054AF62 /* StorageService.swift */ = {isa = PBXFileReference; fileEncoding = 4; lastKnownFileType = sourcecode.swift; name = StorageService.swift; path = Services/StorageService.swift; sourceTree = "<group>"; };
		BF60058A1F772AEB0054AF62 /* PostService.swift */ = {isa = PBXFileReference; fileEncoding = 4; lastKnownFileType = sourcecode.swift; name = PostService.swift; path = Services/PostService.swift; sourceTree = "<group>"; };
		BF60058C1F772C370054AF62 /* ProfileImage.swift */ = {isa = PBXFileReference; fileEncoding = 4; lastKnownFileType = sourcecode.swift; name = ProfileImage.swift; path = Models/ProfileImage.swift; sourceTree = "<group>"; };
		BF60058E1F772DCC0054AF62 /* ProfileImageService.swift */ = {isa = PBXFileReference; fileEncoding = 4; lastKnownFileType = sourcecode.swift; name = ProfileImageService.swift; path = Services/ProfileImageService.swift; sourceTree = "<group>"; };
		BF6005901F7732AE0054AF62 /* UIImage+Size.swift */ = {isa = PBXFileReference; fileEncoding = 4; lastKnownFileType = sourcecode.swift; name = "UIImage+Size.swift"; path = "Extensions/UIImage+Size.swift"; sourceTree = "<group>"; };
		BF6005921F77333A0054AF62 /* StorageReference+ProfileImage.swift */ = {isa = PBXFileReference; fileEncoding = 4; lastKnownFileType = sourcecode.swift; name = "StorageReference+ProfileImage.swift"; path = "Extensions/StorageReference+ProfileImage.swift"; sourceTree = "<group>"; };
		BF6A0A971F775C6A00E52A5F /* DatabaseReference+Location.swift */ = {isa = PBXFileReference; fileEncoding = 4; lastKnownFileType = sourcecode.swift; name = "DatabaseReference+Location.swift"; path = "Extensions/DatabaseReference+Location.swift"; sourceTree = "<group>"; };
		BF6A0A9B1F79562000E52A5F /* CreateUsericonController.swift */ = {isa = PBXFileReference; fileEncoding = 4; lastKnownFileType = sourcecode.swift; name = CreateUsericonController.swift; path = Controllers/CreateUsericonController.swift; sourceTree = "<group>"; };
		BF6AD0F51F9502A400CF5AA4 /* PartyPlanViewController.swift */ = {isa = PBXFileReference; lastKnownFileType = sourcecode.swift; name = PartyPlanViewController.swift; path = Controllers/PartyPlanViewController.swift; sourceTree = "<group>"; };
		BF6AD0F71F9504AB00CF5AA4 /* List.swift */ = {isa = PBXFileReference; lastKnownFileType = sourcecode.swift; name = List.swift; path = Models/List.swift; sourceTree = "<group>"; };
		BFC9D2281F71AAB300F32781 /* User.swift */ = {isa = PBXFileReference; fileEncoding = 4; lastKnownFileType = sourcecode.swift; name = User.swift; path = Models/User.swift; sourceTree = "<group>"; };
		BFCAB49C1F721F9E00B27919 /* Constants.swift */ = {isa = PBXFileReference; fileEncoding = 4; lastKnownFileType = sourcecode.swift; name = Constants.swift; path = Supporting/Constants.swift; sourceTree = "<group>"; };
		BFCAB4A11F723B0800B27919 /* Storyboard+Utility.swift */ = {isa = PBXFileReference; fileEncoding = 4; lastKnownFileType = sourcecode.swift; name = "Storyboard+Utility.swift"; path = "Extensions/Storyboard+Utility.swift"; sourceTree = "<group>"; };
		BFCAB4A51F72B0BF00B27919 /* MydataViewController.swift */ = {isa = PBXFileReference; fileEncoding = 4; lastKnownFileType = sourcecode.swift; name = MydataViewController.swift; path = Controllers/MydataViewController.swift; sourceTree = "<group>"; };
		BFCAB4A71F72F09200B27919 /* Mydata.storyboard */ = {isa = PBXFileReference; fileEncoding = 4; lastKnownFileType = file.storyboard; name = Mydata.storyboard; path = Storyboards/Mydata.storyboard; sourceTree = "<group>"; };
		BFCAB4A91F72FCD300B27919 /* PartyListTab.swift */ = {isa = PBXFileReference; fileEncoding = 4; lastKnownFileType = sourcecode.swift; name = PartyListTab.swift; path = Views/PartyListTab.swift; sourceTree = "<group>"; };
		D59EA5CB00F373D5C8D02B7B /* Pods-PartyDrinkTime.debug.xcconfig */ = {isa = PBXFileReference; includeInIndex = 1; lastKnownFileType = text.xcconfig; name = "Pods-PartyDrinkTime.debug.xcconfig"; path = "Pods/Target Support Files/Pods-PartyDrinkTime/Pods-PartyDrinkTime.debug.xcconfig"; sourceTree = "<group>"; };
/* End PBXFileReference section */

/* Begin PBXFrameworksBuildPhase section */
		BF2B8A911F6B91310065CEAD /* Frameworks */ = {
			isa = PBXFrameworksBuildPhase;
			buildActionMask = 2147483647;
			files = (
				5E75B3BC42CEEBA2E1AF90F7 /* Pods_PartyDrinkTime.framework in Frameworks */,
			);
			runOnlyForDeploymentPostprocessing = 0;
		};
/* End PBXFrameworksBuildPhase section */

/* Begin PBXGroup section */
		BF2B8A8B1F6B91310065CEAD = {
			isa = PBXGroup;
			children = (
				BF2B8A961F6B91310065CEAD /* PartyDrinkTime */,
				BF2B8A951F6B91310065CEAD /* Products */,
				FDE1E548CCBE9CED092CD3A4 /* Pods */,
				E32167A39CB6370160707577 /* Frameworks */,
			);
			sourceTree = "<group>";
		};
		BF2B8A951F6B91310065CEAD /* Products */ = {
			isa = PBXGroup;
			children = (
				BF2B8A941F6B91310065CEAD /* PartyDrinkTime.app */,
			);
			name = Products;
			sourceTree = "<group>";
		};
		BF2B8A961F6B91310065CEAD /* PartyDrinkTime */ = {
			isa = PBXGroup;
			children = (
				BF2B8A971F6B91310065CEAD /* AppDelegate.swift */,
				BF2B8AB91F6B9E840065CEAD /* View Controllers */,
				BF2B8ABA1F6B9EA60065CEAD /* Storyboards */,
				BF2B8A9E1F6B91310065CEAD /* Assets.xcassets */,
				BF2B8ABB1F6B9EC20065CEAD /* Supporting Files */,
				BFC9D22A1F71AABC00F32781 /* Models */,
				BF45E49B1F71E7E8000D0BC0 /* Services */,
				BFCAB4A01F72204700B27919 /* Extentions */,
				BFCAB4AB1F72FCDA00B27919 /* Views */,
				BF6005871F771B900054AF62 /* Helpers */,
			);
			path = PartyDrinkTime;
			sourceTree = "<group>";
		};
		BF2B8AB91F6B9E840065CEAD /* View Controllers */ = {
			isa = PBXGroup;
			children = (
				BF2B8ABE1F6BAB2C0065CEAD /* LoginViewController.swift */,
				BF45E4971F71E33D000D0BC0 /* CreateUsernameViewController.swift */,
				BF6A0A9B1F79562000E52A5F /* CreateUsericonController.swift */,
				BFCAB4A51F72B0BF00B27919 /* MydataViewController.swift */,
				BF5E0A2C1F75588B00EEF84C /* MainTabBarController.swift */,
				BF6005831F770F140054AF62 /* ProfileViewController.swift */,
				BF0C1A751F93FAB9007A8A28 /* FuturePartyListTableViewController.swift */,
				BF6AD0F51F9502A400CF5AA4 /* PartyPlanViewController.swift */,
				BF142A851F957C14000DE6D4 /* StartPartyViewController.swift */,
				BF142A871F9587C5000DE6D4 /* DrinkCountViewController.swift */,
			);
			name = "View Controllers";
			sourceTree = "<group>";
		};
		BF2B8ABA1F6B9EA60065CEAD /* Storyboards */ = {
			isa = PBXGroup;
			children = (
				BF2B8AB21F6B9CC00065CEAD /* Main.storyboard */,
				BF142A831F957462000DE6D4 /* Party.storyboard */,
				BFCAB4A71F72F09200B27919 /* Mydata.storyboard */,
				BF2B8ABC1F6BAAC70065CEAD /* Login.storyboard */,
			);
			name = Storyboards;
			sourceTree = "<group>";
		};
		BF2B8ABB1F6B9EC20065CEAD /* Supporting Files */ = {
			isa = PBXGroup;
			children = (
				BF2B8AB11F6B9CC00065CEAD /* LaunchScreen.storyboard */,
				BF2B8AB61F6B9CCD0065CEAD /* Info.plist */,
				BF2B8AB51F6B9CCD0065CEAD /* GoogleService-Info.plist */,
				BFCAB49C1F721F9E00B27919 /* Constants.swift */,
			);
			name = "Supporting Files";
			sourceTree = "<group>";
		};
		BF45E49B1F71E7E8000D0BC0 /* Services */ = {
			isa = PBXGroup;
			children = (
				BF45E4991F71E7E2000D0BC0 /* UserService.swift */,
				BF6005881F772A5A0054AF62 /* StorageService.swift */,
				BF60058A1F772AEB0054AF62 /* PostService.swift */,
				BF60058E1F772DCC0054AF62 /* ProfileImageService.swift */,
				BF1B98D71F8D18C3000B53C4 /* NameService.swift */,
			);
			name = Services;
			sourceTree = "<group>";
		};
		BF6005871F771B900054AF62 /* Helpers */ = {
			isa = PBXGroup;
			children = (
				BF6005851F771B8B0054AF62 /* MGPhotoHelper.swift */,
				BF1B98D31F8693FF000B53C4 /* AlertHelper.swift */,
			);
			name = Helpers;
			sourceTree = "<group>";
		};
		BFC9D22A1F71AABC00F32781 /* Models */ = {
			isa = PBXGroup;
			children = (
				BFC9D2281F71AAB300F32781 /* User.swift */,
				BF60058C1F772C370054AF62 /* ProfileImage.swift */,
				BF6AD0F71F9504AB00CF5AA4 /* List.swift */,
			);
			name = Models;
			sourceTree = "<group>";
		};
		BFCAB4A01F72204700B27919 /* Extentions */ = {
			isa = PBXGroup;
			children = (
				BFCAB4A11F723B0800B27919 /* Storyboard+Utility.swift */,
				BF6005901F7732AE0054AF62 /* UIImage+Size.swift */,
				BF6005921F77333A0054AF62 /* StorageReference+ProfileImage.swift */,
				BF6A0A971F775C6A00E52A5F /* DatabaseReference+Location.swift */,
			);
			name = Extentions;
			sourceTree = "<group>";
		};
		BFCAB4AB1F72FCDA00B27919 /* Views */ = {
			isa = PBXGroup;
			children = (
				BF6005811F75714F0054AF62 /* ProfileHeaderView.swift */,
				BFCAB4A91F72FCD300B27919 /* PartyListTab.swift */,
				BF5E0A2E1F755DEF00EEF84C /* PartyImageCell.swift */,
				BF0C1A771F93FBA4007A8A28 /* FuturePartyListTableViewCell.swift */,
			);
			name = Views;
			sourceTree = "<group>";
		};
		E32167A39CB6370160707577 /* Frameworks */ = {
			isa = PBXGroup;
			children = (
				2E4D960B0FD0D647238EBC11 /* Pods_PartyDrinkTime.framework */,
			);
			name = Frameworks;
			sourceTree = "<group>";
		};
		FDE1E548CCBE9CED092CD3A4 /* Pods */ = {
			isa = PBXGroup;
			children = (
				D59EA5CB00F373D5C8D02B7B /* Pods-PartyDrinkTime.debug.xcconfig */,
				806E2D5AA03C1EE8000A91F5 /* Pods-PartyDrinkTime.release.xcconfig */,
			);
			name = Pods;
			sourceTree = "<group>";
		};
/* End PBXGroup section */

/* Begin PBXNativeTarget section */
		BF2B8A931F6B91310065CEAD /* PartyDrinkTime */ = {
			isa = PBXNativeTarget;
			buildConfigurationList = BF2B8AA61F6B91310065CEAD /* Build configuration list for PBXNativeTarget "PartyDrinkTime" */;
			buildPhases = (
				25461E3B8896A99907DE7982 /* [CP] Check Pods Manifest.lock */,
				BF2B8A901F6B91310065CEAD /* Sources */,
				BF2B8A911F6B91310065CEAD /* Frameworks */,
				BF2B8A921F6B91310065CEAD /* Resources */,
				D877EAFF2F4BE408AA44E7F3 /* [CP] Embed Pods Frameworks */,
				0756122F233F0210F7A2E9CF /* [CP] Copy Pods Resources */,
			);
			buildRules = (
			);
			dependencies = (
			);
			name = PartyDrinkTime;
			productName = PartyDrinkTime;
			productReference = BF2B8A941F6B91310065CEAD /* PartyDrinkTime.app */;
			productType = "com.apple.product-type.application";
		};
/* End PBXNativeTarget section */

/* Begin PBXProject section */
		BF2B8A8C1F6B91310065CEAD /* Project object */ = {
			isa = PBXProject;
			attributes = {
				LastSwiftUpdateCheck = 0830;
				LastUpgradeCheck = 0830;
				ORGANIZATIONNAME = "Kaichi Momose";
				TargetAttributes = {
					BF2B8A931F6B91310065CEAD = {
						CreatedOnToolsVersion = 8.3.3;
						DevelopmentTeam = CGUE68EN3T;
						ProvisioningStyle = Automatic;
					};
				};
			};
			buildConfigurationList = BF2B8A8F1F6B91310065CEAD /* Build configuration list for PBXProject "PartyDrinkTime" */;
			compatibilityVersion = "Xcode 3.2";
			developmentRegion = English;
			hasScannedForEncodings = 0;
			knownRegions = (
				en,
				Base,
			);
			mainGroup = BF2B8A8B1F6B91310065CEAD;
			productRefGroup = BF2B8A951F6B91310065CEAD /* Products */;
			projectDirPath = "";
			projectRoot = "";
			targets = (
				BF2B8A931F6B91310065CEAD /* PartyDrinkTime */,
			);
		};
/* End PBXProject section */

/* Begin PBXResourcesBuildPhase section */
		BF2B8A921F6B91310065CEAD /* Resources */ = {
			isa = PBXResourcesBuildPhase;
			buildActionMask = 2147483647;
			files = (
				BF2B8AB41F6B9CC00065CEAD /* Main.storyboard in Resources */,
				BF2B8AB71F6B9CCD0065CEAD /* GoogleService-Info.plist in Resources */,
				BF142A841F957462000DE6D4 /* Party.storyboard in Resources */,
				BFCAB4A81F72F09200B27919 /* Mydata.storyboard in Resources */,
				BF2B8A9F1F6B91310065CEAD /* Assets.xcassets in Resources */,
				BF2B8ABD1F6BAAC70065CEAD /* Login.storyboard in Resources */,
				BF2B8AB31F6B9CC00065CEAD /* LaunchScreen.storyboard in Resources */,
			);
			runOnlyForDeploymentPostprocessing = 0;
		};
/* End PBXResourcesBuildPhase section */

/* Begin PBXShellScriptBuildPhase section */
		0756122F233F0210F7A2E9CF /* [CP] Copy Pods Resources */ = {
			isa = PBXShellScriptBuildPhase;
			buildActionMask = 2147483647;
			files = (
			);
			inputPaths = (
			);
			name = "[CP] Copy Pods Resources";
			outputPaths = (
			);
			runOnlyForDeploymentPostprocessing = 0;
			shellPath = /bin/sh;
			shellScript = "\"${SRCROOT}/Pods/Target Support Files/Pods-PartyDrinkTime/Pods-PartyDrinkTime-resources.sh\"\n";
			showEnvVarsInLog = 0;
		};
		25461E3B8896A99907DE7982 /* [CP] Check Pods Manifest.lock */ = {
			isa = PBXShellScriptBuildPhase;
			buildActionMask = 2147483647;
			files = (
			);
			inputPaths = (
			);
			name = "[CP] Check Pods Manifest.lock";
			outputPaths = (
			);
			runOnlyForDeploymentPostprocessing = 0;
			shellPath = /bin/sh;
			shellScript = "diff \"${PODS_PODFILE_DIR_PATH}/Podfile.lock\" \"${PODS_ROOT}/Manifest.lock\" > /dev/null\nif [ $? != 0 ] ; then\n    # print error to STDERR\n    echo \"error: The sandbox is not in sync with the Podfile.lock. Run 'pod install' or update your CocoaPods installation.\" >&2\n    exit 1\nfi\n";
			showEnvVarsInLog = 0;
		};
		D877EAFF2F4BE408AA44E7F3 /* [CP] Embed Pods Frameworks */ = {
			isa = PBXShellScriptBuildPhase;
			buildActionMask = 2147483647;
			files = (
			);
			inputPaths = (
			);
			name = "[CP] Embed Pods Frameworks";
			outputPaths = (
			);
			runOnlyForDeploymentPostprocessing = 0;
			shellPath = /bin/sh;
			shellScript = "\"${SRCROOT}/Pods/Target Support Files/Pods-PartyDrinkTime/Pods-PartyDrinkTime-frameworks.sh\"\n";
			showEnvVarsInLog = 0;
		};
/* End PBXShellScriptBuildPhase section */

/* Begin PBXSourcesBuildPhase section */
		BF2B8A901F6B91310065CEAD /* Sources */ = {
			isa = PBXSourcesBuildPhase;
			buildActionMask = 2147483647;
			files = (
				BF6A0A981F775C6A00E52A5F /* DatabaseReference+Location.swift in Sources */,
				BFC9D2291F71AAB300F32781 /* User.swift in Sources */,
				BF2B8ABF1F6BAB2C0065CEAD /* LoginViewController.swift in Sources */,
				BF5E0A2D1F75588B00EEF84C /* MainTabBarController.swift in Sources */,
				BF60058B1F772AEB0054AF62 /* PostService.swift in Sources */,
				BF45E49A1F71E7E2000D0BC0 /* UserService.swift in Sources */,
				BF1B98D81F8D18C3000B53C4 /* NameService.swift in Sources */,
				BF1B98D41F8693FF000B53C4 /* AlertHelper.swift in Sources */,
				BFCAB4A21F723B0800B27919 /* Storyboard+Utility.swift in Sources */,
				BF6AD0F81F9504AB00CF5AA4 /* List.swift in Sources */,
				BF6AD0F61F9502A400CF5AA4 /* PartyPlanViewController.swift in Sources */,
				BF142A861F957C14000DE6D4 /* StartPartyViewController.swift in Sources */,
				BFCAB4A61F72B0BF00B27919 /* MydataViewController.swift in Sources */,
				BF60058D1F772C370054AF62 /* ProfileImage.swift in Sources */,
				BFCAB4AA1F72FCD300B27919 /* PartyListTab.swift in Sources */,
				BF6005821F75714F0054AF62 /* ProfileHeaderView.swift in Sources */,
				BF5E0A2F1F755DEF00EEF84C /* PartyImageCell.swift in Sources */,
				BFCAB49D1F721F9E00B27919 /* Constants.swift in Sources */,
				BF6005891F772A5A0054AF62 /* StorageService.swift in Sources */,
				BF6005841F770F140054AF62 /* ProfileViewController.swift in Sources */,
				BF6005911F7732AE0054AF62 /* UIImage+Size.swift in Sources */,
				BF0C1A761F93FAB9007A8A28 /* FuturePartyListTableViewController.swift in Sources */,
				BF0C1A781F93FBA4007A8A28 /* FuturePartyListTableViewCell.swift in Sources */,
				BF45E4981F71E33D000D0BC0 /* CreateUsernameViewController.swift in Sources */,
				BF60058F1F772DCC0054AF62 /* ProfileImageService.swift in Sources */,
				BF6005931F77333A0054AF62 /* StorageReference+ProfileImage.swift in Sources */,
				BF6005861F771B8B0054AF62 /* MGPhotoHelper.swift in Sources */,
				BF142A881F9587C5000DE6D4 /* DrinkCountViewController.swift in Sources */,
				BF2B8A981F6B91310065CEAD /* AppDelegate.swift in Sources */,
				BF6A0A9C1F79562000E52A5F /* CreateUsericonController.swift in Sources */,
			);
			runOnlyForDeploymentPostprocessing = 0;
		};
/* End PBXSourcesBuildPhase section */

/* Begin XCBuildConfiguration section */
		BF2B8AA41F6B91310065CEAD /* Debug */ = {
			isa = XCBuildConfiguration;
			buildSettings = {
				ALWAYS_SEARCH_USER_PATHS = NO;
				CLANG_ANALYZER_NONNULL = YES;
				CLANG_ANALYZER_NUMBER_OBJECT_CONVERSION = YES_AGGRESSIVE;
				CLANG_CXX_LANGUAGE_STANDARD = "gnu++0x";
				CLANG_CXX_LIBRARY = "libc++";
				CLANG_ENABLE_MODULES = YES;
				CLANG_ENABLE_OBJC_ARC = YES;
				CLANG_WARN_BOOL_CONVERSION = YES;
				CLANG_WARN_CONSTANT_CONVERSION = YES;
				CLANG_WARN_DIRECT_OBJC_ISA_USAGE = YES_ERROR;
				CLANG_WARN_DOCUMENTATION_COMMENTS = YES;
				CLANG_WARN_EMPTY_BODY = YES;
				CLANG_WARN_ENUM_CONVERSION = YES;
				CLANG_WARN_INFINITE_RECURSION = YES;
				CLANG_WARN_INT_CONVERSION = YES;
				CLANG_WARN_OBJC_ROOT_CLASS = YES_ERROR;
				CLANG_WARN_SUSPICIOUS_MOVE = YES;
				CLANG_WARN_UNREACHABLE_CODE = YES;
				CLANG_WARN__DUPLICATE_METHOD_MATCH = YES;
				"CODE_SIGN_IDENTITY[sdk=iphoneos*]" = "iPhone Developer";
				COPY_PHASE_STRIP = NO;
				DEBUG_INFORMATION_FORMAT = dwarf;
				ENABLE_STRICT_OBJC_MSGSEND = YES;
				ENABLE_TESTABILITY = YES;
				GCC_C_LANGUAGE_STANDARD = gnu99;
				GCC_DYNAMIC_NO_PIC = NO;
				GCC_NO_COMMON_BLOCKS = YES;
				GCC_OPTIMIZATION_LEVEL = 0;
				GCC_PREPROCESSOR_DEFINITIONS = (
					"DEBUG=1",
					"$(inherited)",
				);
				GCC_WARN_64_TO_32_BIT_CONVERSION = YES;
				GCC_WARN_ABOUT_RETURN_TYPE = YES_ERROR;
				GCC_WARN_UNDECLARED_SELECTOR = YES;
				GCC_WARN_UNINITIALIZED_AUTOS = YES_AGGRESSIVE;
				GCC_WARN_UNUSED_FUNCTION = YES;
				GCC_WARN_UNUSED_VARIABLE = YES;
				IPHONEOS_DEPLOYMENT_TARGET = 10.3;
				MTL_ENABLE_DEBUG_INFO = YES;
				ONLY_ACTIVE_ARCH = YES;
				SDKROOT = iphoneos;
				SWIFT_ACTIVE_COMPILATION_CONDITIONS = DEBUG;
				SWIFT_OPTIMIZATION_LEVEL = "-Onone";
				TARGETED_DEVICE_FAMILY = "1,2";
			};
			name = Debug;
		};
		BF2B8AA51F6B91310065CEAD /* Release */ = {
			isa = XCBuildConfiguration;
			buildSettings = {
				ALWAYS_SEARCH_USER_PATHS = NO;
				CLANG_ANALYZER_NONNULL = YES;
				CLANG_ANALYZER_NUMBER_OBJECT_CONVERSION = YES_AGGRESSIVE;
				CLANG_CXX_LANGUAGE_STANDARD = "gnu++0x";
				CLANG_CXX_LIBRARY = "libc++";
				CLANG_ENABLE_MODULES = YES;
				CLANG_ENABLE_OBJC_ARC = YES;
				CLANG_WARN_BOOL_CONVERSION = YES;
				CLANG_WARN_CONSTANT_CONVERSION = YES;
				CLANG_WARN_DIRECT_OBJC_ISA_USAGE = YES_ERROR;
				CLANG_WARN_DOCUMENTATION_COMMENTS = YES;
				CLANG_WARN_EMPTY_BODY = YES;
				CLANG_WARN_ENUM_CONVERSION = YES;
				CLANG_WARN_INFINITE_RECURSION = YES;
				CLANG_WARN_INT_CONVERSION = YES;
				CLANG_WARN_OBJC_ROOT_CLASS = YES_ERROR;
				CLANG_WARN_SUSPICIOUS_MOVE = YES;
				CLANG_WARN_UNREACHABLE_CODE = YES;
				CLANG_WARN__DUPLICATE_METHOD_MATCH = YES;
				"CODE_SIGN_IDENTITY[sdk=iphoneos*]" = "iPhone Developer";
				COPY_PHASE_STRIP = NO;
				DEBUG_INFORMATION_FORMAT = "dwarf-with-dsym";
				ENABLE_NS_ASSERTIONS = NO;
				ENABLE_STRICT_OBJC_MSGSEND = YES;
				GCC_C_LANGUAGE_STANDARD = gnu99;
				GCC_NO_COMMON_BLOCKS = YES;
				GCC_WARN_64_TO_32_BIT_CONVERSION = YES;
				GCC_WARN_ABOUT_RETURN_TYPE = YES_ERROR;
				GCC_WARN_UNDECLARED_SELECTOR = YES;
				GCC_WARN_UNINITIALIZED_AUTOS = YES_AGGRESSIVE;
				GCC_WARN_UNUSED_FUNCTION = YES;
				GCC_WARN_UNUSED_VARIABLE = YES;
				IPHONEOS_DEPLOYMENT_TARGET = 10.3;
				MTL_ENABLE_DEBUG_INFO = NO;
				SDKROOT = iphoneos;
				SWIFT_OPTIMIZATION_LEVEL = "-Owholemodule";
				TARGETED_DEVICE_FAMILY = "1,2";
				VALIDATE_PRODUCT = YES;
			};
			name = Release;
		};
		BF2B8AA71F6B91310065CEAD /* Debug */ = {
			isa = XCBuildConfiguration;
			baseConfigurationReference = D59EA5CB00F373D5C8D02B7B /* Pods-PartyDrinkTime.debug.xcconfig */;
			buildSettings = {
				ASSETCATALOG_COMPILER_APPICON_NAME = AppIcon;
				DEVELOPMENT_TEAM = CGUE68EN3T;
				INFOPLIST_FILE = "$(SRCROOT)/PartyDrinkTime/Supporting/Info.plist";
				LD_RUNPATH_SEARCH_PATHS = "$(inherited) @executable_path/Frameworks";
				PRODUCT_BUNDLE_IDENTIFIER = "com.momose-kaichi.PartyDrinkTime";
				PRODUCT_NAME = "$(TARGET_NAME)";
				SWIFT_VERSION = 3.0;
				TARGETED_DEVICE_FAMILY = 1;
			};
			name = Debug;
		};
		BF2B8AA81F6B91310065CEAD /* Release */ = {
			isa = XCBuildConfiguration;
			baseConfigurationReference = 806E2D5AA03C1EE8000A91F5 /* Pods-PartyDrinkTime.release.xcconfig */;
			buildSettings = {
				ASSETCATALOG_COMPILER_APPICON_NAME = AppIcon;
				DEVELOPMENT_TEAM = CGUE68EN3T;
				INFOPLIST_FILE = "$(SRCROOT)/PartyDrinkTime/Supporting/Info.plist";
				LD_RUNPATH_SEARCH_PATHS = "$(inherited) @executable_path/Frameworks";
				PRODUCT_BUNDLE_IDENTIFIER = "com.momose-kaichi.PartyDrinkTime";
				PRODUCT_NAME = "$(TARGET_NAME)";
				SWIFT_VERSION = 3.0;
				TARGETED_DEVICE_FAMILY = 1;
			};
			name = Release;
		};
/* End XCBuildConfiguration section */

/* Begin XCConfigurationList section */
		BF2B8A8F1F6B91310065CEAD /* Build configuration list for PBXProject "PartyDrinkTime" */ = {
			isa = XCConfigurationList;
			buildConfigurations = (
				BF2B8AA41F6B91310065CEAD /* Debug */,
				BF2B8AA51F6B91310065CEAD /* Release */,
			);
			defaultConfigurationIsVisible = 0;
			defaultConfigurationName = Release;
		};
		BF2B8AA61F6B91310065CEAD /* Build configuration list for PBXNativeTarget "PartyDrinkTime" */ = {
			isa = XCConfigurationList;
			buildConfigurations = (
				BF2B8AA71F6B91310065CEAD /* Debug */,
				BF2B8AA81F6B91310065CEAD /* Release */,
			);
			defaultConfigurationIsVisible = 0;
			defaultConfigurationName = Release;
		};
/* End XCConfigurationList section */
	};
	rootObject = BF2B8A8C1F6B91310065CEAD /* Project object */;
}
